
Microsoft Visual Studio Solution File, Format Version 12.00
Project("{FAE04EC0-301F-11D3-BF4B-00C04F79EFBC}") = "MM_WPF", "MM_WPF\MM_WPF.csproj", "{B0D2C738-E153-48E6-8D38-EFC53E4C8801}"
EndProject
Global
	GlobalSection(SolutionConfigurationPlatforms) = preSolution
		Debug|Any CPU = Debug|Any CPU
		Release|Any CPU = Release|Any CPU
	EndGlobalSection
	GlobalSection(ProjectConfigurationPlatforms) = postSolution
		{B0D2C738-E153-48E6-8D38-EFC53E4C8801}.Debug|Any CPU.ActiveCfg = Debug|Any CPU
		{B0D2C738-E153-48E6-8D38-EFC53E4C8801}.Debug|Any CPU.Build.0 = Debug|Any CPU
		{B0D2C738-E153-48E6-8D38-EFC53E4C8801}.Release|Any CPU.ActiveCfg = Release|Any CPU
		{B0D2C738-E153-48E6-8D38-EFC53E4C8801}.Release|Any CPU.Build.0 = Release|Any CPU
	EndGlobalSection
EndGlobal
